PODS:
  - Alamofire (4.7.3)
  - Backendless (5.1.8):
    - Socket.IO-Client-Swift
  - Chatto (3.3.1)
  - ChattoAdditions (3.3.1):
    - Chatto
  - Cloudinary (2.4.0):
    - Alamofire (~> 4.7.2)
  - JGProgressHUD (2.0.3)
  - MessageKit (1.0.0)
  - SDWebImage (4.4.2):
    - SDWebImage/Core (= 4.4.2)
  - SDWebImage/Core (4.4.2)
  - Socket.IO-Client-Swift (13.3.1):
    - Starscream (~> 3.0.2)
  - Starscream (3.0.6)
  - SwiftyJSON (4.2.0)

DEPENDENCIES:
  - Backendless
  - Chatto (= 3.3.1)
  - ChattoAdditions (= 3.3.1)
  - Cloudinary (~> 2.0)
  - JGProgressHUD
  - MessageKit (~> 1.0.0)
  - SDWebImage
  - SwiftyJSON

SPEC REPOS:
  https://github.com/cocoapods/specs.git:
    - Alamofire
    - Backendless
    - Chatto
    - ChattoAdditions
    - Cloudinary
    - JGProgressHUD
    - MessageKit
    - SDWebImage
    - Socket.IO-Client-Swift
    - Starscream
    - SwiftyJSON

SPEC CHECKSUMS:
  Alamofire: c7287b6e5d7da964a70935e5db17046b7fde6568
  Backendless: 394f705e142e27e012adfd5d6c1ce0db1dc63c46
  Chatto: 24a6c9b0c91b08130466888b8b61563b90191c6f
  ChattoAdditions: cc74cd3dd371aa3f70e5ab8568a4f383f0c0eb8c
  Cloudinary: d87b545d6a5d00c4022bec964839fdaf359d7c53
  JGProgressHUD: 12b20a8f4ffe05258f8635c1ab92816e451f904d
  MessageKit: 16160036b16476b04bd0e9f2c7ce67e662e503e4
  SDWebImage: 624d6e296c69b244bcede364c72ae0430ac14681
  Socket.IO-Client-Swift: 79f8f85fa44881838175a20f9bd2c32bef2c9d37
  Starscream: ef3ece99d765eeccb67de105bfa143f929026cf5
  SwiftyJSON: c4bcba26dd9ec7a027fc8eade48e2c911f229e96

PODFILE CHECKSUM: a4c17dc1409d9e2628bdc511df340ec6cf1b4557

COCOAPODS: 1.5.3
