// !$*UTF8*$!
{
	archiveVersion = 1;
	classes = {
	};
	objectVersion = 46;
	objects = {

/* Begin PBXBuildFile section */
		0F22E1AF1E8407D1004B722A /* AppDelegate.swift in Sources */ = {isa = PBXBuildFile; fileRef = 0F22E1AE1E8407D1004B722A /* AppDelegate.swift */; };
		0F22E1B11E8407D1004B722A /* LoginViewController.swift in Sources */ = {isa = PBXBuildFile; fileRef = 0F22E1B01E8407D1004B722A /* LoginViewController.swift */; };
		0F22E1B41E8407D1004B722A /* Authorization.storyboard in Resources */ = {isa = PBXBuildFile; fileRef = 0F22E1B21E8407D1004B722A /* Authorization.storyboard */; };
		0F22E1B61E8407D1004B722A /* Assets.xcassets in Resources */ = {isa = PBXBuildFile; fileRef = 0F22E1B51E8407D1004B722A /* Assets.xcassets */; };
		0F22E1B91E8407D1004B722A /* LaunchScreen.storyboard in Resources */ = {isa = PBXBuildFile; fileRef = 0F22E1B71E8407D1004B722A /* LaunchScreen.storyboard */; };
		5B12F7A3218A11200051DADC /* DatabaseManager.swift in Sources */ = {isa = PBXBuildFile; fileRef = 5B12F7A2218A11200051DADC /* DatabaseManager.swift */; };
		5B12F7A6218A11C60051DADC /* Messager.xcdatamodeld in Sources */ = {isa = PBXBuildFile; fileRef = 5B12F7A4218A11C60051DADC /* Messager.xcdatamodeld */; };
		5B360954217DEE46008B46EB /* RegistrationViewController.swift in Sources */ = {isa = PBXBuildFile; fileRef = 5B360953217DEE46008B46EB /* RegistrationViewController.swift */; };
		5B36095C217E1209008B46EB /* BaseRouter.swift in Sources */ = {isa = PBXBuildFile; fileRef = 5B36095B217E1209008B46EB /* BaseRouter.swift */; };
		5B360961217E2F0C008B46EB /* MainUIAssembly.swift in Sources */ = {isa = PBXBuildFile; fileRef = 5B360960217E2F0C008B46EB /* MainUIAssembly.swift */; };
		5B360963217E2F26008B46EB /* MainUIAssemblyProtocol.swift in Sources */ = {isa = PBXBuildFile; fileRef = 5B360962217E2F26008B46EB /* MainUIAssemblyProtocol.swift */; };
		5B360965217E2F59008B46EB /* MainUIRouter.swift in Sources */ = {isa = PBXBuildFile; fileRef = 5B360964217E2F59008B46EB /* MainUIRouter.swift */; };
		5B360967217E2F7D008B46EB /* MainUIRouterProtocol.swift in Sources */ = {isa = PBXBuildFile; fileRef = 5B360966217E2F7D008B46EB /* MainUIRouterProtocol.swift */; };
		5B65F8B1218869EF006EF9F8 /* UITableView.swift in Sources */ = {isa = PBXBuildFile; fileRef = 5B65F8B0218869EF006EF9F8 /* UITableView.swift */; };
		5B65F8B9218872FF006EF9F8 /* MessageCellViewModel.swift in Sources */ = {isa = PBXBuildFile; fileRef = 5B65F8B8218872FF006EF9F8 /* MessageCellViewModel.swift */; };
		5B65F8BC218892A5006EF9F8 /* IncomingMessageCell.swift in Sources */ = {isa = PBXBuildFile; fileRef = 5B65F8BA218892A5006EF9F8 /* IncomingMessageCell.swift */; };
		5B65F8BD218892A5006EF9F8 /* IncomingMessageCell.xib in Resources */ = {isa = PBXBuildFile; fileRef = 5B65F8BB218892A5006EF9F8 /* IncomingMessageCell.xib */; };
		5B6765022189AD1000239DCF /* Settings.storyboard in Resources */ = {isa = PBXBuildFile; fileRef = 5B6765012189AD1000239DCF /* Settings.storyboard */; };
		5B6765042189AD2300239DCF /* SettingsViewController.swift in Sources */ = {isa = PBXBuildFile; fileRef = 5B6765032189AD2300239DCF /* SettingsViewController.swift */; };
		5B6765082189B5A400239DCF /* Mapper.swift in Sources */ = {isa = PBXBuildFile; fileRef = 5B6765072189B5A400239DCF /* Mapper.swift */; };
		5B67650C2189E59800239DCF /* SettingsRouter.swift in Sources */ = {isa = PBXBuildFile; fileRef = 5B67650B2189E59800239DCF /* SettingsRouter.swift */; };
		5B67650E2189E5C200239DCF /* SettingsRouterProtocol.swift in Sources */ = {isa = PBXBuildFile; fileRef = 5B67650D2189E5C200239DCF /* SettingsRouterProtocol.swift */; };
		5B6765102189E5DE00239DCF /* SettingsAssembly.swift in Sources */ = {isa = PBXBuildFile; fileRef = 5B67650F2189E5DE00239DCF /* SettingsAssembly.swift */; };
		5B6765122189E5FF00239DCF /* SettingsAssemblyProtocol.swift in Sources */ = {isa = PBXBuildFile; fileRef = 5B6765112189E5FF00239DCF /* SettingsAssemblyProtocol.swift */; };
		5B6765152189EA0900239DCF /* ImageManager.swift in Sources */ = {isa = PBXBuildFile; fileRef = 5B6765142189EA0900239DCF /* ImageManager.swift */; };
		5B69DF5A2181BE5D0072E76E /* MediaItem.swift in Sources */ = {isa = PBXBuildFile; fileRef = 5B69DF592181BE5D0072E76E /* MediaItem.swift */; };
		5B69DF5D2181E55F0072E76E /* ApiManager.swift in Sources */ = {isa = PBXBuildFile; fileRef = 5B69DF5C2181E55F0072E76E /* ApiManager.swift */; };
		5B737D08218AF58700455FF8 /* DatabaseMapper.swift in Sources */ = {isa = PBXBuildFile; fileRef = 5B737D07218AF58700455FF8 /* DatabaseMapper.swift */; };
		5B76B5012180982E003B5351 /* Message.swift in Sources */ = {isa = PBXBuildFile; fileRef = 5B76B5002180982E003B5351 /* Message.swift */; };
		5B76B5042180BB71003B5351 /* KeychainManager.swift in Sources */ = {isa = PBXBuildFile; fileRef = 5B76B5032180BB71003B5351 /* KeychainManager.swift */; };
		5B7828FA21874DE800059F6B /* UserCell.swift in Sources */ = {isa = PBXBuildFile; fileRef = 5B7828F821874DE800059F6B /* UserCell.swift */; };
		5B7828FB21874DE800059F6B /* UserCell.xib in Resources */ = {isa = PBXBuildFile; fileRef = 5B7828F921874DE800059F6B /* UserCell.xib */; };
		5B7828FE2187502B00059F6B /* UserCellViewModel.swift in Sources */ = {isa = PBXBuildFile; fileRef = 5B7828FD2187502B00059F6B /* UserCellViewModel.swift */; };
		5B9E2180217DC4CC00884A96 /* ApplicationAssembly.swift in Sources */ = {isa = PBXBuildFile; fileRef = 5B9E217F217DC4CC00884A96 /* ApplicationAssembly.swift */; };
		5B9E2182217DC4DB00884A96 /* ApplicationAssemblyProtocol.swift in Sources */ = {isa = PBXBuildFile; fileRef = 5B9E2181217DC4DB00884A96 /* ApplicationAssemblyProtocol.swift */; };
		5B9E2184217DC4F400884A96 /* ApplicationRouter.swift in Sources */ = {isa = PBXBuildFile; fileRef = 5B9E2183217DC4F400884A96 /* ApplicationRouter.swift */; };
		5B9E2186217DC50200884A96 /* ApplicationRouterProtocol.swift in Sources */ = {isa = PBXBuildFile; fileRef = 5B9E2185217DC50200884A96 /* ApplicationRouterProtocol.swift */; };
		5B9E21A2217DD8B000884A96 /* AuthorizationAssembly.swift in Sources */ = {isa = PBXBuildFile; fileRef = 5B9E21A1217DD8B000884A96 /* AuthorizationAssembly.swift */; };
		5B9E21A4217DD8BF00884A96 /* AuthorizationAssemblyProtocol.swift in Sources */ = {isa = PBXBuildFile; fileRef = 5B9E21A3217DD8BF00884A96 /* AuthorizationAssemblyProtocol.swift */; };
		5B9E21A6217DD8EF00884A96 /* AuthorizationRouter.swift in Sources */ = {isa = PBXBuildFile; fileRef = 5B9E21A5217DD8EF00884A96 /* AuthorizationRouter.swift */; };
		5B9E21A8217DD8F900884A96 /* AuthorizationRouterProtocol.swift in Sources */ = {isa = PBXBuildFile; fileRef = 5B9E21A7217DD8F900884A96 /* AuthorizationRouterProtocol.swift */; };
		5BB514D221889D82003D2C04 /* OutgoingMessageCell.swift in Sources */ = {isa = PBXBuildFile; fileRef = 5BB514D021889D82003D2C04 /* OutgoingMessageCell.swift */; };
		5BB514D321889D82003D2C04 /* OutgoingMessageCell.xib in Resources */ = {isa = PBXBuildFile; fileRef = 5BB514D121889D82003D2C04 /* OutgoingMessageCell.xib */; };
		5BB514E12188A0AB003D2C04 /* OutgoingImageCell.swift in Sources */ = {isa = PBXBuildFile; fileRef = 5BB514DF2188A0AB003D2C04 /* OutgoingImageCell.swift */; };
		5BB514E22188A0AB003D2C04 /* OutgoingImageCell.xib in Resources */ = {isa = PBXBuildFile; fileRef = 5BB514E02188A0AB003D2C04 /* OutgoingImageCell.xib */; };
		5BB514E72188A0CD003D2C04 /* IncomingImageCell.swift in Sources */ = {isa = PBXBuildFile; fileRef = 5BB514E52188A0CD003D2C04 /* IncomingImageCell.swift */; };
		5BB514E82188A0CD003D2C04 /* IncomingImageCell.xib in Resources */ = {isa = PBXBuildFile; fileRef = 5BB514E62188A0CD003D2C04 /* IncomingImageCell.xib */; };
		5BB514EA2188A2F0003D2C04 /* ImageCellViewModel.swift in Sources */ = {isa = PBXBuildFile; fileRef = 5BB514E92188A2F0003D2C04 /* ImageCellViewModel.swift */; };
		5BB514EC2188C049003D2C04 /* UIImage.swift in Sources */ = {isa = PBXBuildFile; fileRef = 5BB514EB2188C049003D2C04 /* UIImage.swift */; };
		5BCE2846217F031600A2B6A4 /* PasswordRecoveryViewController.swift in Sources */ = {isa = PBXBuildFile; fileRef = 5BCE2845217F031600A2B6A4 /* PasswordRecoveryViewController.swift */; };
		5BCE2849217F086F00A2B6A4 /* AuthorizationManager.swift in Sources */ = {isa = PBXBuildFile; fileRef = 5BCE2848217F086F00A2B6A4 /* AuthorizationManager.swift */; };
		5BCE284B217F0AC000A2B6A4 /* User.swift in Sources */ = {isa = PBXBuildFile; fileRef = 5BCE284A217F0AC000A2B6A4 /* User.swift */; };
		5BD3EBE2217F683000FD3D83 /* Chat.storyboard in Resources */ = {isa = PBXBuildFile; fileRef = 5BD3EBE1217F683000FD3D83 /* Chat.storyboard */; };
		5BD3EBE4217F687A00FD3D83 /* ChatViewController.swift in Sources */ = {isa = PBXBuildFile; fileRef = 5BD3EBE3217F687A00FD3D83 /* ChatViewController.swift */; };
		5BD3EBE6217F688600FD3D83 /* UsersViewController.swift in Sources */ = {isa = PBXBuildFile; fileRef = 5BD3EBE5217F688600FD3D83 /* UsersViewController.swift */; };
		5BD3EBE8217F68AF00FD3D83 /* ChatAssembly.swift in Sources */ = {isa = PBXBuildFile; fileRef = 5BD3EBE7217F68AF00FD3D83 /* ChatAssembly.swift */; };
		5BD3EBEA217F68BA00FD3D83 /* ChatAssemblyProtocol.swift in Sources */ = {isa = PBXBuildFile; fileRef = 5BD3EBE9217F68B900FD3D83 /* ChatAssemblyProtocol.swift */; };
		5BD3EBEC217F68C400FD3D83 /* ChatRouter.swift in Sources */ = {isa = PBXBuildFile; fileRef = 5BD3EBEB217F68C400FD3D83 /* ChatRouter.swift */; };
		5BD3EBEE217F68D100FD3D83 /* ChatRouterProtocol.swift in Sources */ = {isa = PBXBuildFile; fileRef = 5BD3EBED217F68D100FD3D83 /* ChatRouterProtocol.swift */; };
		86FDAEE282B09FC0E2BA72A5 /* Pods_Messager.framework in Frameworks */ = {isa = PBXBuildFile; fileRef = 5A28CF456D7B3F7253BD3F6B /* Pods_Messager.framework */; };
/* End PBXBuildFile section */

/* Begin PBXFileReference section */
		0F22E1AB1E8407D1004B722A /* Messager.app */ = {isa = PBXFileReference; explicitFileType = wrapper.application; includeInIndex = 0; path = Messager.app; sourceTree = BUILT_PRODUCTS_DIR; };
		0F22E1AE1E8407D1004B722A /* AppDelegate.swift */ = {isa = PBXFileReference; lastKnownFileType = sourcecode.swift; path = AppDelegate.swift; sourceTree = "<group>"; };
		0F22E1B01E8407D1004B722A /* LoginViewController.swift */ = {isa = PBXFileReference; lastKnownFileType = sourcecode.swift; path = LoginViewController.swift; sourceTree = "<group>"; };
		0F22E1B31E8407D1004B722A /* Base */ = {isa = PBXFileReference; lastKnownFileType = file.storyboard; name = Base; path = Base.lproj/Authorization.storyboard; sourceTree = "<group>"; };
		0F22E1B51E8407D1004B722A /* Assets.xcassets */ = {isa = PBXFileReference; lastKnownFileType = folder.assetcatalog; path = Assets.xcassets; sourceTree = "<group>"; };
		0F22E1B81E8407D1004B722A /* Base */ = {isa = PBXFileReference; lastKnownFileType = file.storyboard; name = Base; path = Base.lproj/LaunchScreen.storyboard; sourceTree = "<group>"; };
		0F22E1BA1E8407D1004B722A /* Info.plist */ = {isa = PBXFileReference; lastKnownFileType = text.plist.xml; path = Info.plist; sourceTree = "<group>"; };
		5A28CF456D7B3F7253BD3F6B /* Pods_Messager.framework */ = {isa = PBXFileReference; explicitFileType = wrapper.framework; includeInIndex = 0; path = Pods_Messager.framework; sourceTree = BUILT_PRODUCTS_DIR; };
		5B12F7A2218A11200051DADC /* DatabaseManager.swift */ = {isa = PBXFileReference; lastKnownFileType = sourcecode.swift; path = DatabaseManager.swift; sourceTree = "<group>"; };
		5B12F7A5218A11C60051DADC /* Messager.xcdatamodel */ = {isa = PBXFileReference; lastKnownFileType = wrapper.xcdatamodel; path = Messager.xcdatamodel; sourceTree = "<group>"; };
		5B360953217DEE46008B46EB /* RegistrationViewController.swift */ = {isa = PBXFileReference; lastKnownFileType = sourcecode.swift; path = RegistrationViewController.swift; sourceTree = "<group>"; };
		5B36095B217E1209008B46EB /* BaseRouter.swift */ = {isa = PBXFileReference; lastKnownFileType = sourcecode.swift; path = BaseRouter.swift; sourceTree = "<group>"; };
		5B360960217E2F0C008B46EB /* MainUIAssembly.swift */ = {isa = PBXFileReference; lastKnownFileType = sourcecode.swift; path = MainUIAssembly.swift; sourceTree = "<group>"; };
		5B360962217E2F26008B46EB /* MainUIAssemblyProtocol.swift */ = {isa = PBXFileReference; lastKnownFileType = sourcecode.swift; path = MainUIAssemblyProtocol.swift; sourceTree = "<group>"; };
		5B360964217E2F59008B46EB /* MainUIRouter.swift */ = {isa = PBXFileReference; lastKnownFileType = sourcecode.swift; path = MainUIRouter.swift; sourceTree = "<group>"; };
		5B360966217E2F7D008B46EB /* MainUIRouterProtocol.swift */ = {isa = PBXFileReference; lastKnownFileType = sourcecode.swift; path = MainUIRouterProtocol.swift; sourceTree = "<group>"; };
		5B65F8B0218869EF006EF9F8 /* UITableView.swift */ = {isa = PBXFileReference; lastKnownFileType = sourcecode.swift; path = UITableView.swift; sourceTree = "<group>"; };
		5B65F8B8218872FF006EF9F8 /* MessageCellViewModel.swift */ = {isa = PBXFileReference; lastKnownFileType = sourcecode.swift; path = MessageCellViewModel.swift; sourceTree = "<group>"; };
		5B65F8BA218892A5006EF9F8 /* IncomingMessageCell.swift */ = {isa = PBXFileReference; lastKnownFileType = sourcecode.swift; path = IncomingMessageCell.swift; sourceTree = "<group>"; };
		5B65F8BB218892A5006EF9F8 /* IncomingMessageCell.xib */ = {isa = PBXFileReference; lastKnownFileType = file.xib; path = IncomingMessageCell.xib; sourceTree = "<group>"; };
		5B6765012189AD1000239DCF /* Settings.storyboard */ = {isa = PBXFileReference; lastKnownFileType = file.storyboard; path = Settings.storyboard; sourceTree = "<group>"; };
		5B6765032189AD2300239DCF /* SettingsViewController.swift */ = {isa = PBXFileReference; lastKnownFileType = sourcecode.swift; path = SettingsViewController.swift; sourceTree = "<group>"; };
		5B6765072189B5A400239DCF /* Mapper.swift */ = {isa = PBXFileReference; lastKnownFileType = sourcecode.swift; path = Mapper.swift; sourceTree = "<group>"; };
		5B67650B2189E59800239DCF /* SettingsRouter.swift */ = {isa = PBXFileReference; lastKnownFileType = sourcecode.swift; path = SettingsRouter.swift; sourceTree = "<group>"; };
		5B67650D2189E5C200239DCF /* SettingsRouterProtocol.swift */ = {isa = PBXFileReference; lastKnownFileType = sourcecode.swift; path = SettingsRouterProtocol.swift; sourceTree = "<group>"; };
		5B67650F2189E5DE00239DCF /* SettingsAssembly.swift */ = {isa = PBXFileReference; lastKnownFileType = sourcecode.swift; path = SettingsAssembly.swift; sourceTree = "<group>"; };
		5B6765112189E5FF00239DCF /* SettingsAssemblyProtocol.swift */ = {isa = PBXFileReference; lastKnownFileType = sourcecode.swift; path = SettingsAssemblyProtocol.swift; sourceTree = "<group>"; };
		5B6765142189EA0900239DCF /* ImageManager.swift */ = {isa = PBXFileReference; lastKnownFileType = sourcecode.swift; path = ImageManager.swift; sourceTree = "<group>"; };
		5B69DF592181BE5D0072E76E /* MediaItem.swift */ = {isa = PBXFileReference; lastKnownFileType = sourcecode.swift; path = MediaItem.swift; sourceTree = "<group>"; };
		5B69DF5C2181E55F0072E76E /* ApiManager.swift */ = {isa = PBXFileReference; lastKnownFileType = sourcecode.swift; path = ApiManager.swift; sourceTree = "<group>"; };
		5B737D07218AF58700455FF8 /* DatabaseMapper.swift */ = {isa = PBXFileReference; lastKnownFileType = sourcecode.swift; path = DatabaseMapper.swift; sourceTree = "<group>"; };
		5B76B5002180982E003B5351 /* Message.swift */ = {isa = PBXFileReference; lastKnownFileType = sourcecode.swift; path = Message.swift; sourceTree = "<group>"; };
		5B76B5032180BB71003B5351 /* KeychainManager.swift */ = {isa = PBXFileReference; lastKnownFileType = sourcecode.swift; path = KeychainManager.swift; sourceTree = "<group>"; };
		5B7828F821874DE800059F6B /* UserCell.swift */ = {isa = PBXFileReference; lastKnownFileType = sourcecode.swift; path = UserCell.swift; sourceTree = "<group>"; };
		5B7828F921874DE800059F6B /* UserCell.xib */ = {isa = PBXFileReference; lastKnownFileType = file.xib; path = UserCell.xib; sourceTree = "<group>"; };
		5B7828FD2187502B00059F6B /* UserCellViewModel.swift */ = {isa = PBXFileReference; lastKnownFileType = sourcecode.swift; path = UserCellViewModel.swift; sourceTree = "<group>"; };
		5B9E217F217DC4CC00884A96 /* ApplicationAssembly.swift */ = {isa = PBXFileReference; lastKnownFileType = sourcecode.swift; path = ApplicationAssembly.swift; sourceTree = "<group>"; };
		5B9E2181217DC4DB00884A96 /* ApplicationAssemblyProtocol.swift */ = {isa = PBXFileReference; lastKnownFileType = sourcecode.swift; path = ApplicationAssemblyProtocol.swift; sourceTree = "<group>"; };
		5B9E2183217DC4F400884A96 /* ApplicationRouter.swift */ = {isa = PBXFileReference; lastKnownFileType = sourcecode.swift; path = ApplicationRouter.swift; sourceTree = "<group>"; };
		5B9E2185217DC50200884A96 /* ApplicationRouterProtocol.swift */ = {isa = PBXFileReference; lastKnownFileType = sourcecode.swift; path = ApplicationRouterProtocol.swift; sourceTree = "<group>"; };
		5B9E21A1217DD8B000884A96 /* AuthorizationAssembly.swift */ = {isa = PBXFileReference; lastKnownFileType = sourcecode.swift; path = AuthorizationAssembly.swift; sourceTree = "<group>"; };
		5B9E21A3217DD8BF00884A96 /* AuthorizationAssemblyProtocol.swift */ = {isa = PBXFileReference; lastKnownFileType = sourcecode.swift; path = AuthorizationAssemblyProtocol.swift; sourceTree = "<group>"; };
		5B9E21A5217DD8EF00884A96 /* AuthorizationRouter.swift */ = {isa = PBXFileReference; lastKnownFileType = sourcecode.swift; path = AuthorizationRouter.swift; sourceTree = "<group>"; };
		5B9E21A7217DD8F900884A96 /* AuthorizationRouterProtocol.swift */ = {isa = PBXFileReference; lastKnownFileType = sourcecode.swift; path = AuthorizationRouterProtocol.swift; sourceTree = "<group>"; };
		5BB514D021889D82003D2C04 /* OutgoingMessageCell.swift */ = {isa = PBXFileReference; fileEncoding = 4; lastKnownFileType = sourcecode.swift; path = OutgoingMessageCell.swift; sourceTree = "<group>"; };
		5BB514D121889D82003D2C04 /* OutgoingMessageCell.xib */ = {isa = PBXFileReference; fileEncoding = 4; lastKnownFileType = file.xib; path = OutgoingMessageCell.xib; sourceTree = "<group>"; };
		5BB514DF2188A0AB003D2C04 /* OutgoingImageCell.swift */ = {isa = PBXFileReference; lastKnownFileType = sourcecode.swift; path = OutgoingImageCell.swift; sourceTree = "<group>"; };
		5BB514E02188A0AB003D2C04 /* OutgoingImageCell.xib */ = {isa = PBXFileReference; lastKnownFileType = file.xib; path = OutgoingImageCell.xib; sourceTree = "<group>"; };
		5BB514E52188A0CD003D2C04 /* IncomingImageCell.swift */ = {isa = PBXFileReference; lastKnownFileType = sourcecode.swift; path = IncomingImageCell.swift; sourceTree = "<group>"; };
		5BB514E62188A0CD003D2C04 /* IncomingImageCell.xib */ = {isa = PBXFileReference; lastKnownFileType = file.xib; path = IncomingImageCell.xib; sourceTree = "<group>"; };
		5BB514E92188A2F0003D2C04 /* ImageCellViewModel.swift */ = {isa = PBXFileReference; lastKnownFileType = sourcecode.swift; path = ImageCellViewModel.swift; sourceTree = "<group>"; };
		5BB514EB2188C049003D2C04 /* UIImage.swift */ = {isa = PBXFileReference; lastKnownFileType = sourcecode.swift; path = UIImage.swift; sourceTree = "<group>"; };
		5BCE2845217F031600A2B6A4 /* PasswordRecoveryViewController.swift */ = {isa = PBXFileReference; lastKnownFileType = sourcecode.swift; path = PasswordRecoveryViewController.swift; sourceTree = "<group>"; };
		5BCE2848217F086F00A2B6A4 /* AuthorizationManager.swift */ = {isa = PBXFileReference; lastKnownFileType = sourcecode.swift; path = AuthorizationManager.swift; sourceTree = "<group>"; };
		5BCE284A217F0AC000A2B6A4 /* User.swift */ = {isa = PBXFileReference; lastKnownFileType = sourcecode.swift; path = User.swift; sourceTree = "<group>"; };
		5BD3EBE1217F683000FD3D83 /* Chat.storyboard */ = {isa = PBXFileReference; lastKnownFileType = file.storyboard; path = Chat.storyboard; sourceTree = "<group>"; };
		5BD3EBE3217F687A00FD3D83 /* ChatViewController.swift */ = {isa = PBXFileReference; lastKnownFileType = sourcecode.swift; path = ChatViewController.swift; sourceTree = "<group>"; };
		5BD3EBE5217F688600FD3D83 /* UsersViewController.swift */ = {isa = PBXFileReference; lastKnownFileType = sourcecode.swift; path = UsersViewController.swift; sourceTree = "<group>"; };
		5BD3EBE7217F68AF00FD3D83 /* ChatAssembly.swift */ = {isa = PBXFileReference; lastKnownFileType = sourcecode.swift; path = ChatAssembly.swift; sourceTree = "<group>"; };
		5BD3EBE9217F68B900FD3D83 /* ChatAssemblyProtocol.swift */ = {isa = PBXFileReference; lastKnownFileType = sourcecode.swift; path = ChatAssemblyProtocol.swift; sourceTree = "<group>"; };
		5BD3EBEB217F68C400FD3D83 /* ChatRouter.swift */ = {isa = PBXFileReference; lastKnownFileType = sourcecode.swift; path = ChatRouter.swift; sourceTree = "<group>"; };
		5BD3EBED217F68D100FD3D83 /* ChatRouterProtocol.swift */ = {isa = PBXFileReference; lastKnownFileType = sourcecode.swift; path = ChatRouterProtocol.swift; sourceTree = "<group>"; };
		C15D05230E00E983E5007E47 /* Pods-Messager.debug.xcconfig */ = {isa = PBXFileReference; includeInIndex = 1; lastKnownFileType = text.xcconfig; name = "Pods-Messager.debug.xcconfig"; path = "Pods/Target Support Files/Pods-Messager/Pods-Messager.debug.xcconfig"; sourceTree = "<group>"; };
		E8558C1F8C442471ED26C1C8 /* Pods-Messager.release.xcconfig */ = {isa = PBXFileReference; includeInIndex = 1; lastKnownFileType = text.xcconfig; name = "Pods-Messager.release.xcconfig"; path = "Pods/Target Support Files/Pods-Messager/Pods-Messager.release.xcconfig"; sourceTree = "<group>"; };
/* End PBXFileReference section */

/* Begin PBXFrameworksBuildPhase section */
		0F22E1A81E8407D1004B722A /* Frameworks */ = {
			isa = PBXFrameworksBuildPhase;
			buildActionMask = 2147483647;
			files = (
				86FDAEE282B09FC0E2BA72A5 /* Pods_Messager.framework in Frameworks */,
			);
			runOnlyForDeploymentPostprocessing = 0;
		};
/* End PBXFrameworksBuildPhase section */

/* Begin PBXGroup section */
		0AC075FD34E0B4F71F594FFA /* Frameworks */ = {
			isa = PBXGroup;
			children = (
				5A28CF456D7B3F7253BD3F6B /* Pods_Messager.framework */,
			);
			name = Frameworks;
			sourceTree = "<group>";
		};
		0F22E1A21E8407D1004B722A = {
			isa = PBXGroup;
			children = (
				0F22E1AD1E8407D1004B722A /* Messager */,
				0F22E1AC1E8407D1004B722A /* Products */,
				0AC075FD34E0B4F71F594FFA /* Frameworks */,
				9EF7CB5648798CD53B55066E /* Pods */,
			);
			sourceTree = "<group>";
		};
		0F22E1AC1E8407D1004B722A /* Products */ = {
			isa = PBXGroup;
			children = (
				0F22E1AB1E8407D1004B722A /* Messager.app */,
			);
			name = Products;
			sourceTree = "<group>";
		};
		0F22E1AD1E8407D1004B722A /* Messager */ = {
			isa = PBXGroup;
			children = (
				5B9E2172217DC36200884A96 /* Source */,
				5B9E2173217DC36700884A96 /* Resources */,
			);
			path = Messager;
			sourceTree = "<group>";
		};
		5B12F7A1218A10F00051DADC /* DatabaseManager */ = {
			isa = PBXGroup;
			children = (
				5B12F7A2218A11200051DADC /* DatabaseManager.swift */,
			);
			path = DatabaseManager;
			sourceTree = "<group>";
		};
		5B360957217DEF23008B46EB /* ViewControllers */ = {
			isa = PBXGroup;
			children = (
				0F22E1B01E8407D1004B722A /* LoginViewController.swift */,
				5B360953217DEE46008B46EB /* RegistrationViewController.swift */,
				5BCE2845217F031600A2B6A4 /* PasswordRecoveryViewController.swift */,
			);
			path = ViewControllers;
			sourceTree = "<group>";
		};
		5B360958217DEF29008B46EB /* Storyboards */ = {
			isa = PBXGroup;
			children = (
				0F22E1B21E8407D1004B722A /* Authorization.storyboard */,
			);
			path = Storyboards;
			sourceTree = "<group>";
		};
		5B360959217E11EC008B46EB /* BaseRouter */ = {
			isa = PBXGroup;
			children = (
				5B36095B217E1209008B46EB /* BaseRouter.swift */,
			);
			path = BaseRouter;
			sourceTree = "<group>";
		};
		5B36095D217E2EC1008B46EB /* MainUI */ = {
			isa = PBXGroup;
			children = (
				5B36095F217E2ED3008B46EB /* MainUIAssembly */,
				5B36095E217E2ECA008B46EB /* MainUIRouter */,
			);
			path = MainUI;
			sourceTree = "<group>";
		};
		5B36095E217E2ECA008B46EB /* MainUIRouter */ = {
			isa = PBXGroup;
			children = (
				5B360964217E2F59008B46EB /* MainUIRouter.swift */,
				5B360966217E2F7D008B46EB /* MainUIRouterProtocol.swift */,
			);
			path = MainUIRouter;
			sourceTree = "<group>";
		};
		5B36095F217E2ED3008B46EB /* MainUIAssembly */ = {
			isa = PBXGroup;
			children = (
				5B360960217E2F0C008B46EB /* MainUIAssembly.swift */,
				5B360962217E2F26008B46EB /* MainUIAssemblyProtocol.swift */,
			);
			path = MainUIAssembly;
			sourceTree = "<group>";
		};
		5B65F8AA218862F7006EF9F8 /* Extensions */ = {
			isa = PBXGroup;
			children = (
				5B65F8B0218869EF006EF9F8 /* UITableView.swift */,
				5BB514EB2188C049003D2C04 /* UIImage.swift */,
			);
			path = Extensions;
			sourceTree = "<group>";
		};
		5B65F8B221886D8F006EF9F8 /* UserCell */ = {
			isa = PBXGroup;
			children = (
				5B7828F821874DE800059F6B /* UserCell.swift */,
				5B7828F921874DE800059F6B /* UserCell.xib */,
			);
			path = UserCell;
			sourceTree = "<group>";
		};
		5B65F8B321886D9A006EF9F8 /* MessageCell */ = {
			isa = PBXGroup;
			children = (
				5BB514D521889FCE003D2C04 /* Incoming */,
				5BB514D421889FBB003D2C04 /* Outgoing */,
			);
			path = MessageCell;
			sourceTree = "<group>";
		};
		5B6764FE2189ACF000239DCF /* Settings */ = {
			isa = PBXGroup;
			children = (
				5B67650A2189E57200239DCF /* SettingsAssembly */,
				5B6765092189E56500239DCF /* SettingsRouter */,
				5B6765002189ACFE00239DCF /* Storyboards */,
				5B6764FF2189ACF500239DCF /* ViewControllers */,
			);
			path = Settings;
			sourceTree = "<group>";
		};
		5B6764FF2189ACF500239DCF /* ViewControllers */ = {
			isa = PBXGroup;
			children = (
				5B6765032189AD2300239DCF /* SettingsViewController.swift */,
			);
			path = ViewControllers;
			sourceTree = "<group>";
		};
		5B6765002189ACFE00239DCF /* Storyboards */ = {
			isa = PBXGroup;
			children = (
				5B6765012189AD1000239DCF /* Settings.storyboard */,
			);
			path = Storyboards;
			sourceTree = "<group>";
		};
		5B6765062189B55200239DCF /* Mapper */ = {
			isa = PBXGroup;
			children = (
				5B6765072189B5A400239DCF /* Mapper.swift */,
			);
			path = Mapper;
			sourceTree = "<group>";
		};
		5B6765092189E56500239DCF /* SettingsRouter */ = {
			isa = PBXGroup;
			children = (
				5B67650B2189E59800239DCF /* SettingsRouter.swift */,
				5B67650D2189E5C200239DCF /* SettingsRouterProtocol.swift */,
			);
			path = SettingsRouter;
			sourceTree = "<group>";
		};
		5B67650A2189E57200239DCF /* SettingsAssembly */ = {
			isa = PBXGroup;
			children = (
				5B67650F2189E5DE00239DCF /* SettingsAssembly.swift */,
				5B6765112189E5FF00239DCF /* SettingsAssemblyProtocol.swift */,
			);
			path = SettingsAssembly;
			sourceTree = "<group>";
		};
		5B6765132189E9FC00239DCF /* ImageManager */ = {
			isa = PBXGroup;
			children = (
				5B6765142189EA0900239DCF /* ImageManager.swift */,
			);
			path = ImageManager;
			sourceTree = "<group>";
		};
		5B69DF5B2181E54F0072E76E /* ApiManager */ = {
			isa = PBXGroup;
			children = (
				5B69DF5C2181E55F0072E76E /* ApiManager.swift */,
			);
			path = ApiManager;
			sourceTree = "<group>";
		};
		5B737D06218AF57800455FF8 /* DatabaseMapper */ = {
			isa = PBXGroup;
			children = (
				5B737D07218AF58700455FF8 /* DatabaseMapper.swift */,
			);
			path = DatabaseMapper;
			sourceTree = "<group>";
		};
		5B76B5022180BB11003B5351 /* KeychainManager */ = {
			isa = PBXGroup;
			children = (
				5B76B5032180BB71003B5351 /* KeychainManager.swift */,
			);
			path = KeychainManager;
			sourceTree = "<group>";
		};
		5B7828F721874DBF00059F6B /* Cells */ = {
			isa = PBXGroup;
			children = (
				5BB514DA2188A051003D2C04 /* ImageCell */,
				5B65F8B321886D9A006EF9F8 /* MessageCell */,
				5B65F8B221886D8F006EF9F8 /* UserCell */,
			);
			path = Cells;
			sourceTree = "<group>";
		};
		5B7828FC2187501D00059F6B /* ViewModel */ = {
			isa = PBXGroup;
			children = (
				5B7828FD2187502B00059F6B /* UserCellViewModel.swift */,
				5B65F8B8218872FF006EF9F8 /* MessageCellViewModel.swift */,
				5BB514E92188A2F0003D2C04 /* ImageCellViewModel.swift */,
			);
			path = ViewModel;
			sourceTree = "<group>";
		};
		5B9E2171217DC34900884A96 /* AppDelegate */ = {
			isa = PBXGroup;
			children = (
				0F22E1AE1E8407D1004B722A /* AppDelegate.swift */,
			);
			path = AppDelegate;
			sourceTree = "<group>";
		};
		5B9E2172217DC36200884A96 /* Source */ = {
			isa = PBXGroup;
			children = (
				5B65F8AA218862F7006EF9F8 /* Extensions */,
				5B9E2176217DC3CB00884A96 /* Models */,
				5B9E2175217DC3C400884A96 /* UI */,
				5B9E2174217DC3BF00884A96 /* Logic */,
				5B9E2171217DC34900884A96 /* AppDelegate */,
			);
			path = Source;
			sourceTree = "<group>";
		};
		5B9E2173217DC36700884A96 /* Resources */ = {
			isa = PBXGroup;
			children = (
				5B9E2179217DC3E700884A96 /* Images */,
				5B9E2178217DC3E200884A96 /* Plist */,
				5B9E2177217DC3DB00884A96 /* Entitlements */,
			);
			path = Resources;
			sourceTree = "<group>";
		};
		5B9E2174217DC3BF00884A96 /* Logic */ = {
			isa = PBXGroup;
			children = (
				5B737D06218AF57800455FF8 /* DatabaseMapper */,
				5B12F7A1218A10F00051DADC /* DatabaseManager */,
				5B6765132189E9FC00239DCF /* ImageManager */,
				5B6765062189B55200239DCF /* Mapper */,
				5B69DF5B2181E54F0072E76E /* ApiManager */,
				5B76B5022180BB11003B5351 /* KeychainManager */,
				5BCE2847217F085B00A2B6A4 /* AuthorizationManager */,
				5B9E217B217DC43400884A96 /* Application */,
			);
			path = Logic;
			sourceTree = "<group>";
		};
		5B9E2175217DC3C400884A96 /* UI */ = {
			isa = PBXGroup;
			children = (
				5B9E218F217DC6D300884A96 /* Support */,
				5B9E218E217DC6CE00884A96 /* Base */,
				5B9E218C217DC64000884A96 /* Stories */,
			);
			path = UI;
			sourceTree = "<group>";
		};
		5B9E2176217DC3CB00884A96 /* Models */ = {
			isa = PBXGroup;
			children = (
				5BCE284A217F0AC000A2B6A4 /* User.swift */,
				5B76B5002180982E003B5351 /* Message.swift */,
				5B69DF592181BE5D0072E76E /* MediaItem.swift */,
				5B12F7A4218A11C60051DADC /* Messager.xcdatamodeld */,
			);
			path = Models;
			sourceTree = "<group>";
		};
		5B9E2177217DC3DB00884A96 /* Entitlements */ = {
			isa = PBXGroup;
			children = (
			);
			path = Entitlements;
			sourceTree = "<group>";
		};
		5B9E2178217DC3E200884A96 /* Plist */ = {
			isa = PBXGroup;
			children = (
				0F22E1BA1E8407D1004B722A /* Info.plist */,
			);
			path = Plist;
			sourceTree = "<group>";
		};
		5B9E2179217DC3E700884A96 /* Images */ = {
			isa = PBXGroup;
			children = (
				0F22E1B51E8407D1004B722A /* Assets.xcassets */,
			);
			path = Images;
			sourceTree = "<group>";
		};
		5B9E217B217DC43400884A96 /* Application */ = {
			isa = PBXGroup;
			children = (
				5B9E217E217DC45900884A96 /* ApplicationRouter */,
				5B9E217C217DC43B00884A96 /* ApplicationAssembly */,
			);
			path = Application;
			sourceTree = "<group>";
		};
		5B9E217C217DC43B00884A96 /* ApplicationAssembly */ = {
			isa = PBXGroup;
			children = (
				5B9E217F217DC4CC00884A96 /* ApplicationAssembly.swift */,
				5B9E2181217DC4DB00884A96 /* ApplicationAssemblyProtocol.swift */,
			);
			path = ApplicationAssembly;
			sourceTree = "<group>";
		};
		5B9E217E217DC45900884A96 /* ApplicationRouter */ = {
			isa = PBXGroup;
			children = (
				5B9E2183217DC4F400884A96 /* ApplicationRouter.swift */,
				5B9E2185217DC50200884A96 /* ApplicationRouterProtocol.swift */,
			);
			path = ApplicationRouter;
			sourceTree = "<group>";
		};
		5B9E218C217DC64000884A96 /* Stories */ = {
			isa = PBXGroup;
			children = (
				5B6764FE2189ACF000239DCF /* Settings */,
				5BD3EBDC217F67FD00FD3D83 /* Chat */,
				5B36095D217E2EC1008B46EB /* MainUI */,
				5B9E219E217DD85700884A96 /* Authorization */,
			);
			path = Stories;
			sourceTree = "<group>";
		};
		5B9E218E217DC6CE00884A96 /* Base */ = {
			isa = PBXGroup;
			children = (
				5B360959217E11EC008B46EB /* BaseRouter */,
				5B9E2195217DCAC800884A96 /* ViewControllers */,
				5B9E2194217DC93100884A96 /* Storyboards */,
			);
			path = Base;
			sourceTree = "<group>";
		};
		5B9E218F217DC6D300884A96 /* Support */ = {
			isa = PBXGroup;
			children = (
			);
			path = Support;
			sourceTree = "<group>";
		};
		5B9E2194217DC93100884A96 /* Storyboards */ = {
			isa = PBXGroup;
			children = (
				0F22E1B71E8407D1004B722A /* LaunchScreen.storyboard */,
			);
			path = Storyboards;
			sourceTree = "<group>";
		};
		5B9E2195217DCAC800884A96 /* ViewControllers */ = {
			isa = PBXGroup;
			children = (
			);
			path = ViewControllers;
			sourceTree = "<group>";
		};
		5B9E219E217DD85700884A96 /* Authorization */ = {
			isa = PBXGroup;
			children = (
				5B360958217DEF29008B46EB /* Storyboards */,
				5B360957217DEF23008B46EB /* ViewControllers */,
				5B9E21A0217DD88600884A96 /* AuthorizationRouter */,
				5B9E219F217DD87800884A96 /* AuthorizationAssembly */,
			);
			path = Authorization;
			sourceTree = "<group>";
		};
		5B9E219F217DD87800884A96 /* AuthorizationAssembly */ = {
			isa = PBXGroup;
			children = (
				5B9E21A1217DD8B000884A96 /* AuthorizationAssembly.swift */,
				5B9E21A3217DD8BF00884A96 /* AuthorizationAssemblyProtocol.swift */,
			);
			path = AuthorizationAssembly;
			sourceTree = "<group>";
		};
		5B9E21A0217DD88600884A96 /* AuthorizationRouter */ = {
			isa = PBXGroup;
			children = (
				5B9E21A5217DD8EF00884A96 /* AuthorizationRouter.swift */,
				5B9E21A7217DD8F900884A96 /* AuthorizationRouterProtocol.swift */,
			);
			path = AuthorizationRouter;
			sourceTree = "<group>";
		};
		5BB514D421889FBB003D2C04 /* Outgoing */ = {
			isa = PBXGroup;
			children = (
				5BB514D021889D82003D2C04 /* OutgoingMessageCell.swift */,
				5BB514D121889D82003D2C04 /* OutgoingMessageCell.xib */,
			);
			name = Outgoing;
			sourceTree = "<group>";
		};
		5BB514D521889FCE003D2C04 /* Incoming */ = {
			isa = PBXGroup;
			children = (
				5B65F8BA218892A5006EF9F8 /* IncomingMessageCell.swift */,
				5B65F8BB218892A5006EF9F8 /* IncomingMessageCell.xib */,
			);
			name = Incoming;
			sourceTree = "<group>";
		};
		5BB514DA2188A051003D2C04 /* ImageCell */ = {
			isa = PBXGroup;
			children = (
				5BB514DC2188A07D003D2C04 /* Outgoing */,
				5BB514DB2188A077003D2C04 /* Incoming */,
			);
			path = ImageCell;
			sourceTree = "<group>";
		};
		5BB514DB2188A077003D2C04 /* Incoming */ = {
			isa = PBXGroup;
			children = (
				5BB514E52188A0CD003D2C04 /* IncomingImageCell.swift */,
				5BB514E62188A0CD003D2C04 /* IncomingImageCell.xib */,
			);
			path = Incoming;
			sourceTree = "<group>";
		};
		5BB514DC2188A07D003D2C04 /* Outgoing */ = {
			isa = PBXGroup;
			children = (
				5BB514DF2188A0AB003D2C04 /* OutgoingImageCell.swift */,
				5BB514E02188A0AB003D2C04 /* OutgoingImageCell.xib */,
			);
			path = Outgoing;
			sourceTree = "<group>";
		};
		5BCE2847217F085B00A2B6A4 /* AuthorizationManager */ = {
			isa = PBXGroup;
			children = (
				5BCE2848217F086F00A2B6A4 /* AuthorizationManager.swift */,
			);
			path = AuthorizationManager;
			sourceTree = "<group>";
		};
		5BD3EBDC217F67FD00FD3D83 /* Chat */ = {
			isa = PBXGroup;
			children = (
				5B7828FC2187501D00059F6B /* ViewModel */,
				5B7828F721874DBF00059F6B /* Cells */,
				5BD3EBE0217F682100FD3D83 /* ChatAssembly */,
				5BD3EBDF217F681A00FD3D83 /* ChatRouter */,
				5BD3EBDE217F681300FD3D83 /* ViewControllers */,
				5BD3EBDD217F680800FD3D83 /* Storyboards */,
			);
			path = Chat;
			sourceTree = "<group>";
		};
		5BD3EBDD217F680800FD3D83 /* Storyboards */ = {
			isa = PBXGroup;
			children = (
				5BD3EBE1217F683000FD3D83 /* Chat.storyboard */,
			);
			path = Storyboards;
			sourceTree = "<group>";
		};
		5BD3EBDE217F681300FD3D83 /* ViewControllers */ = {
			isa = PBXGroup;
			children = (
				5BD3EBE5217F688600FD3D83 /* UsersViewController.swift */,
				5BD3EBE3217F687A00FD3D83 /* ChatViewController.swift */,
			);
			path = ViewControllers;
			sourceTree = "<group>";
		};
		5BD3EBDF217F681A00FD3D83 /* ChatRouter */ = {
			isa = PBXGroup;
			children = (
				5BD3EBEB217F68C400FD3D83 /* ChatRouter.swift */,
				5BD3EBED217F68D100FD3D83 /* ChatRouterProtocol.swift */,
			);
			path = ChatRouter;
			sourceTree = "<group>";
		};
		5BD3EBE0217F682100FD3D83 /* ChatAssembly */ = {
			isa = PBXGroup;
			children = (
				5BD3EBE7217F68AF00FD3D83 /* ChatAssembly.swift */,
				5BD3EBE9217F68B900FD3D83 /* ChatAssemblyProtocol.swift */,
			);
			path = ChatAssembly;
			sourceTree = "<group>";
		};
		9EF7CB5648798CD53B55066E /* Pods */ = {
			isa = PBXGroup;
			children = (
				C15D05230E00E983E5007E47 /* Pods-Messager.debug.xcconfig */,
				E8558C1F8C442471ED26C1C8 /* Pods-Messager.release.xcconfig */,
			);
			name = Pods;
			sourceTree = "<group>";
		};
/* End PBXGroup section */

/* Begin PBXNativeTarget section */
		0F22E1AA1E8407D1004B722A /* Messager */ = {
			isa = PBXNativeTarget;
			buildConfigurationList = 0F22E1BD1E8407D1004B722A /* Build configuration list for PBXNativeTarget "Messager" */;
			buildPhases = (
				41727C534AD87E368D02A910 /* [CP] Check Pods Manifest.lock */,
				0F22E1A71E8407D1004B722A /* Sources */,
				0F22E1A81E8407D1004B722A /* Frameworks */,
				0F22E1A91E8407D1004B722A /* Resources */,
				55EFB1F1CDEDC580AE7B6EEA /* [CP] Embed Pods Frameworks */,
				B1C05B3E0A269E1D077B23FB /* [CP] Copy Pods Resources */,
			);
			buildRules = (
			);
			dependencies = (
			);
			name = Messager;
			productName = Messager;
			productReference = 0F22E1AB1E8407D1004B722A /* Messager.app */;
			productType = "com.apple.product-type.application";
		};
/* End PBXNativeTarget section */

/* Begin PBXProject section */
		0F22E1A31E8407D1004B722A /* Project object */ = {
			isa = PBXProject;
			attributes = {
				LastSwiftUpdateCheck = 0820;
				LastUpgradeCheck = 0930;
				TargetAttributes = {
					0F22E1AA1E8407D1004B722A = {
						CreatedOnToolsVersion = 8.2.1;
						DevelopmentTeam = YQ63ZZYZV7;
						ProvisioningStyle = Automatic;
					};
				};
			};
			buildConfigurationList = 0F22E1A61E8407D1004B722A /* Build configuration list for PBXProject "Messager" */;
			compatibilityVersion = "Xcode 3.2";
			developmentRegion = English;
			hasScannedForEncodings = 0;
			knownRegions = (
				en,
				Base,
			);
			mainGroup = 0F22E1A21E8407D1004B722A;
			productRefGroup = 0F22E1AC1E8407D1004B722A /* Products */;
			projectDirPath = "";
			projectRoot = "";
			targets = (
				0F22E1AA1E8407D1004B722A /* Messager */,
			);
		};
/* End PBXProject section */

/* Begin PBXResourcesBuildPhase section */
		0F22E1A91E8407D1004B722A /* Resources */ = {
			isa = PBXResourcesBuildPhase;
			buildActionMask = 2147483647;
			files = (
				5BB514E82188A0CD003D2C04 /* IncomingImageCell.xib in Resources */,
				0F22E1B91E8407D1004B722A /* LaunchScreen.storyboard in Resources */,
				5BB514D321889D82003D2C04 /* OutgoingMessageCell.xib in Resources */,
				5B65F8BD218892A5006EF9F8 /* IncomingMessageCell.xib in Resources */,
				0F22E1B61E8407D1004B722A /* Assets.xcassets in Resources */,
				5BD3EBE2217F683000FD3D83 /* Chat.storyboard in Resources */,
				5BB514E22188A0AB003D2C04 /* OutgoingImageCell.xib in Resources */,
				0F22E1B41E8407D1004B722A /* Authorization.storyboard in Resources */,
				5B7828FB21874DE800059F6B /* UserCell.xib in Resources */,
				5B6765022189AD1000239DCF /* Settings.storyboard in Resources */,
			);
			runOnlyForDeploymentPostprocessing = 0;
		};
/* End PBXResourcesBuildPhase section */

/* Begin PBXShellScriptBuildPhase section */
		41727C534AD87E368D02A910 /* [CP] Check Pods Manifest.lock */ = {
			isa = PBXShellScriptBuildPhase;
			buildActionMask = 2147483647;
			files = (
			);
			inputFileListPaths = (
			);
			inputPaths = (
				"${PODS_PODFILE_DIR_PATH}/Podfile.lock",
				"${PODS_ROOT}/Manifest.lock",
			);
			name = "[CP] Check Pods Manifest.lock";
			outputFileListPaths = (
			);
			outputPaths = (
				"$(DERIVED_FILE_DIR)/Pods-Messager-checkManifestLockResult.txt",
			);
			runOnlyForDeploymentPostprocessing = 0;
			shellPath = /bin/sh;
			shellScript = "diff \"${PODS_PODFILE_DIR_PATH}/Podfile.lock\" \"${PODS_ROOT}/Manifest.lock\" > /dev/null\nif [ $? != 0 ] ; then\n    # print error to STDERR\n    echo \"error: The sandbox is not in sync with the Podfile.lock. Run 'pod install' or update your CocoaPods installation.\" >&2\n    exit 1\nfi\n# This output is used by Xcode 'outputs' to avoid re-running this script phase.\necho \"SUCCESS\" > \"${SCRIPT_OUTPUT_FILE_0}\"\n";
			showEnvVarsInLog = 0;
		};
		55EFB1F1CDEDC580AE7B6EEA /* [CP] Embed Pods Frameworks */ = {
			isa = PBXShellScriptBuildPhase;
			buildActionMask = 2147483647;
			files = (
			);
			inputFileListPaths = (
			);
			inputPaths = (
				"${SRCROOT}/Pods/Target Support Files/Pods-Messager/Pods-Messager-frameworks.sh",
				"${BUILT_PRODUCTS_DIR}/Alamofire/Alamofire.framework",
				"${BUILT_PRODUCTS_DIR}/Chatto/Chatto.framework",
				"${BUILT_PRODUCTS_DIR}/ChattoAdditions/ChattoAdditions.framework",
				"${BUILT_PRODUCTS_DIR}/Cloudinary/Cloudinary.framework",
				"${BUILT_PRODUCTS_DIR}/Socket.IO-Client-Swift/SocketIO.framework",
				"${BUILT_PRODUCTS_DIR}/Starscream/Starscream.framework",
				"${BUILT_PRODUCTS_DIR}/SwiftyJSON/SwiftyJSON.framework",
			);
			name = "[CP] Embed Pods Frameworks";
			outputFileListPaths = (
			);
			outputPaths = (
				"${TARGET_BUILD_DIR}/${FRAMEWORKS_FOLDER_PATH}/Alamofire.framework",
				"${TARGET_BUILD_DIR}/${FRAMEWORKS_FOLDER_PATH}/Chatto.framework",
				"${TARGET_BUILD_DIR}/${FRAMEWORKS_FOLDER_PATH}/ChattoAdditions.framework",
				"${TARGET_BUILD_DIR}/${FRAMEWORKS_FOLDER_PATH}/Cloudinary.framework",
				"${TARGET_BUILD_DIR}/${FRAMEWORKS_FOLDER_PATH}/SocketIO.framework",
				"${TARGET_BUILD_DIR}/${FRAMEWORKS_FOLDER_PATH}/Starscream.framework",
				"${TARGET_BUILD_DIR}/${FRAMEWORKS_FOLDER_PATH}/SwiftyJSON.framework",
			);
			runOnlyForDeploymentPostprocessing = 0;
			shellPath = /bin/sh;
			shellScript = "\"${SRCROOT}/Pods/Target Support Files/Pods-Messager/Pods-Messager-frameworks.sh\"\n";
			showEnvVarsInLog = 0;
		};
		B1C05B3E0A269E1D077B23FB /* [CP] Copy Pods Resources */ = {
			isa = PBXShellScriptBuildPhase;
			buildActionMask = 2147483647;
			files = (
			);
			inputFileListPaths = (
			);
			inputPaths = (
				"${SRCROOT}/Pods/Target Support Files/Pods-Messager/Pods-Messager-resources.sh",
				"${PODS_CONFIGURATION_BUILD_DIR}/MessageKit/MessageKitAssets.bundle",
			);
			name = "[CP] Copy Pods Resources";
			outputFileListPaths = (
			);
			outputPaths = (
				"${TARGET_BUILD_DIR}/${UNLOCALIZED_RESOURCES_FOLDER_PATH}/MessageKitAssets.bundle",
			);
			runOnlyForDeploymentPostprocessing = 0;
			shellPath = /bin/sh;
			shellScript = "\"${SRCROOT}/Pods/Target Support Files/Pods-Messager/Pods-Messager-resources.sh\"\n";
			showEnvVarsInLog = 0;
		};
/* End PBXShellScriptBuildPhase section */

/* Begin PBXSourcesBuildPhase section */
		0F22E1A71E8407D1004B722A /* Sources */ = {
			isa = PBXSourcesBuildPhase;
			buildActionMask = 2147483647;
			files = (
				0F22E1B11E8407D1004B722A /* LoginViewController.swift in Sources */,
				5B9E21A6217DD8EF00884A96 /* AuthorizationRouter.swift in Sources */,
				5B9E21A8217DD8F900884A96 /* AuthorizationRouterProtocol.swift in Sources */,
				5B67650C2189E59800239DCF /* SettingsRouter.swift in Sources */,
				5BB514E72188A0CD003D2C04 /* IncomingImageCell.swift in Sources */,
				5B9E2184217DC4F400884A96 /* ApplicationRouter.swift in Sources */,
				5B7828FE2187502B00059F6B /* UserCellViewModel.swift in Sources */,
				5BB514D221889D82003D2C04 /* OutgoingMessageCell.swift in Sources */,
				5B360961217E2F0C008B46EB /* MainUIAssembly.swift in Sources */,
				5B9E21A2217DD8B000884A96 /* AuthorizationAssembly.swift in Sources */,
				5BD3EBEE217F68D100FD3D83 /* ChatRouterProtocol.swift in Sources */,
				5B9E21A4217DD8BF00884A96 /* AuthorizationAssemblyProtocol.swift in Sources */,
				5B65F8B1218869EF006EF9F8 /* UITableView.swift in Sources */,
				5B7828FA21874DE800059F6B /* UserCell.swift in Sources */,
				5BD3EBE8217F68AF00FD3D83 /* ChatAssembly.swift in Sources */,
				5B76B5012180982E003B5351 /* Message.swift in Sources */,
				5B65F8BC218892A5006EF9F8 /* IncomingMessageCell.swift in Sources */,
				5B9E2180217DC4CC00884A96 /* ApplicationAssembly.swift in Sources */,
				5B36095C217E1209008B46EB /* BaseRouter.swift in Sources */,
				5B65F8B9218872FF006EF9F8 /* MessageCellViewModel.swift in Sources */,
				5B12F7A6218A11C60051DADC /* Messager.xcdatamodeld in Sources */,
				5B6765122189E5FF00239DCF /* SettingsAssemblyProtocol.swift in Sources */,
				5B6765082189B5A400239DCF /* Mapper.swift in Sources */,
				5BD3EBEA217F68BA00FD3D83 /* ChatAssemblyProtocol.swift in Sources */,
				5B737D08218AF58700455FF8 /* DatabaseMapper.swift in Sources */,
				5B69DF5D2181E55F0072E76E /* ApiManager.swift in Sources */,
				5B76B5042180BB71003B5351 /* KeychainManager.swift in Sources */,
				5B360965217E2F59008B46EB /* MainUIRouter.swift in Sources */,
				5B6765042189AD2300239DCF /* SettingsViewController.swift in Sources */,
				5B360954217DEE46008B46EB /* RegistrationViewController.swift in Sources */,
				5BB514EC2188C049003D2C04 /* UIImage.swift in Sources */,
				5BCE2849217F086F00A2B6A4 /* AuthorizationManager.swift in Sources */,
				5B69DF5A2181BE5D0072E76E /* MediaItem.swift in Sources */,
				5B12F7A3218A11200051DADC /* DatabaseManager.swift in Sources */,
				5B6765152189EA0900239DCF /* ImageManager.swift in Sources */,
				5BB514EA2188A2F0003D2C04 /* ImageCellViewModel.swift in Sources */,
				5BB514E12188A0AB003D2C04 /* OutgoingImageCell.swift in Sources */,
				5B360967217E2F7D008B46EB /* MainUIRouterProtocol.swift in Sources */,
				5BD3EBE6217F688600FD3D83 /* UsersViewController.swift in Sources */,
				5B9E2182217DC4DB00884A96 /* ApplicationAssemblyProtocol.swift in Sources */,
				5BCE2846217F031600A2B6A4 /* PasswordRecoveryViewController.swift in Sources */,
				0F22E1AF1E8407D1004B722A /* AppDelegate.swift in Sources */,
				5B360963217E2F26008B46EB /* MainUIAssemblyProtocol.swift in Sources */,
				5B6765102189E5DE00239DCF /* SettingsAssembly.swift in Sources */,
				5BD3EBEC217F68C400FD3D83 /* ChatRouter.swift in Sources */,
				5B9E2186217DC50200884A96 /* ApplicationRouterProtocol.swift in Sources */,
				5BD3EBE4217F687A00FD3D83 /* ChatViewController.swift in Sources */,
				5B67650E2189E5C200239DCF /* SettingsRouterProtocol.swift in Sources */,
				5BCE284B217F0AC000A2B6A4 /* User.swift in Sources */,
			);
			runOnlyForDeploymentPostprocessing = 0;
		};
/* End PBXSourcesBuildPhase section */

/* Begin PBXVariantGroup section */
		0F22E1B21E8407D1004B722A /* Authorization.storyboard */ = {
			isa = PBXVariantGroup;
			children = (
				0F22E1B31E8407D1004B722A /* Base */,
			);
			name = Authorization.storyboard;
			sourceTree = "<group>";
		};
		0F22E1B71E8407D1004B722A /* LaunchScreen.storyboard */ = {
			isa = PBXVariantGroup;
			children = (
				0F22E1B81E8407D1004B722A /* Base */,
			);
			name = LaunchScreen.storyboard;
			sourceTree = "<group>";
		};
/* End PBXVariantGroup section */

/* Begin XCBuildConfiguration section */
		0F22E1BB1E8407D1004B722A /* Debug */ = {
			isa = XCBuildConfiguration;
			buildSettings = {
				ALWAYS_SEARCH_USER_PATHS = NO;
				CLANG_ANALYZER_NONNULL = YES;
				CLANG_CXX_LANGUAGE_STANDARD = "gnu++0x";
				CLANG_CXX_LIBRARY = "libc++";
				CLANG_ENABLE_MODULES = YES;
				CLANG_ENABLE_OBJC_ARC = YES;
				CLANG_WARN_BLOCK_CAPTURE_AUTORELEASING = YES;
				CLANG_WARN_BOOL_CONVERSION = YES;
				CLANG_WARN_COMMA = YES;
				CLANG_WARN_CONSTANT_CONVERSION = YES;
				CLANG_WARN_DEPRECATED_OBJC_IMPLEMENTATIONS = YES;
				CLANG_WARN_DIRECT_OBJC_ISA_USAGE = YES_ERROR;
				CLANG_WARN_DOCUMENTATION_COMMENTS = YES;
				CLANG_WARN_EMPTY_BODY = YES;
				CLANG_WARN_ENUM_CONVERSION = YES;
				CLANG_WARN_INFINITE_RECURSION = YES;
				CLANG_WARN_INT_CONVERSION = YES;
				CLANG_WARN_NON_LITERAL_NULL_CONVERSION = YES;
				CLANG_WARN_OBJC_IMPLICIT_RETAIN_SELF = YES;
				CLANG_WARN_OBJC_LITERAL_CONVERSION = YES;
				CLANG_WARN_OBJC_ROOT_CLASS = YES_ERROR;
				CLANG_WARN_RANGE_LOOP_ANALYSIS = YES;
				CLANG_WARN_STRICT_PROTOTYPES = YES;
				CLANG_WARN_SUSPICIOUS_MOVE = YES;
				CLANG_WARN_UNREACHABLE_CODE = YES;
				CLANG_WARN__DUPLICATE_METHOD_MATCH = YES;
				"CODE_SIGN_IDENTITY[sdk=iphoneos*]" = "iPhone Developer";
				COPY_PHASE_STRIP = NO;
				DEBUG_INFORMATION_FORMAT = dwarf;
				ENABLE_STRICT_OBJC_MSGSEND = YES;
				ENABLE_TESTABILITY = YES;
				GCC_C_LANGUAGE_STANDARD = gnu99;
				GCC_DYNAMIC_NO_PIC = NO;
				GCC_NO_COMMON_BLOCKS = YES;
				GCC_OPTIMIZATION_LEVEL = 0;
				GCC_PREPROCESSOR_DEFINITIONS = (
					"DEBUG=1",
					"$(inherited)",
				);
				GCC_WARN_64_TO_32_BIT_CONVERSION = YES;
				GCC_WARN_ABOUT_RETURN_TYPE = YES_ERROR;
				GCC_WARN_UNDECLARED_SELECTOR = YES;
				GCC_WARN_UNINITIALIZED_AUTOS = YES_AGGRESSIVE;
				GCC_WARN_UNUSED_FUNCTION = YES;
				GCC_WARN_UNUSED_VARIABLE = YES;
				IPHONEOS_DEPLOYMENT_TARGET = 8.0;
				MTL_ENABLE_DEBUG_INFO = YES;
				ONLY_ACTIVE_ARCH = YES;
				SDKROOT = iphoneos;
				SWIFT_ACTIVE_COMPILATION_CONDITIONS = DEBUG;
				SWIFT_OPTIMIZATION_LEVEL = "-Onone";
				SWIFT_VERSION = 4.0;
			};
			name = Debug;
		};
		0F22E1BC1E8407D1004B722A /* Release */ = {
			isa = XCBuildConfiguration;
			buildSettings = {
				ALWAYS_SEARCH_USER_PATHS = NO;
				CLANG_ANALYZER_NONNULL = YES;
				CLANG_CXX_LANGUAGE_STANDARD = "gnu++0x";
				CLANG_CXX_LIBRARY = "libc++";
				CLANG_ENABLE_MODULES = YES;
				CLANG_ENABLE_OBJC_ARC = YES;
				CLANG_WARN_BLOCK_CAPTURE_AUTORELEASING = YES;
				CLANG_WARN_BOOL_CONVERSION = YES;
				CLANG_WARN_COMMA = YES;
				CLANG_WARN_CONSTANT_CONVERSION = YES;
				CLANG_WARN_DEPRECATED_OBJC_IMPLEMENTATIONS = YES;
				CLANG_WARN_DIRECT_OBJC_ISA_USAGE = YES_ERROR;
				CLANG_WARN_DOCUMENTATION_COMMENTS = YES;
				CLANG_WARN_EMPTY_BODY = YES;
				CLANG_WARN_ENUM_CONVERSION = YES;
				CLANG_WARN_INFINITE_RECURSION = YES;
				CLANG_WARN_INT_CONVERSION = YES;
				CLANG_WARN_NON_LITERAL_NULL_CONVERSION = YES;
				CLANG_WARN_OBJC_IMPLICIT_RETAIN_SELF = YES;
				CLANG_WARN_OBJC_LITERAL_CONVERSION = YES;
				CLANG_WARN_OBJC_ROOT_CLASS = YES_ERROR;
				CLANG_WARN_RANGE_LOOP_ANALYSIS = YES;
				CLANG_WARN_STRICT_PROTOTYPES = YES;
				CLANG_WARN_SUSPICIOUS_MOVE = YES;
				CLANG_WARN_UNREACHABLE_CODE = YES;
				CLANG_WARN__DUPLICATE_METHOD_MATCH = YES;
				"CODE_SIGN_IDENTITY[sdk=iphoneos*]" = "iPhone Developer";
				COPY_PHASE_STRIP = NO;
				DEBUG_INFORMATION_FORMAT = "dwarf-with-dsym";
				ENABLE_NS_ASSERTIONS = NO;
				ENABLE_STRICT_OBJC_MSGSEND = YES;
				GCC_C_LANGUAGE_STANDARD = gnu99;
				GCC_NO_COMMON_BLOCKS = YES;
				GCC_WARN_64_TO_32_BIT_CONVERSION = YES;
				GCC_WARN_ABOUT_RETURN_TYPE = YES_ERROR;
				GCC_WARN_UNDECLARED_SELECTOR = YES;
				GCC_WARN_UNINITIALIZED_AUTOS = YES_AGGRESSIVE;
				GCC_WARN_UNUSED_FUNCTION = YES;
				GCC_WARN_UNUSED_VARIABLE = YES;
				IPHONEOS_DEPLOYMENT_TARGET = 8.0;
				MTL_ENABLE_DEBUG_INFO = NO;
				SDKROOT = iphoneos;
				SWIFT_OPTIMIZATION_LEVEL = "-Owholemodule";
				SWIFT_VERSION = 4.0;
				VALIDATE_PRODUCT = YES;
			};
			name = Release;
		};
		0F22E1BE1E8407D1004B722A /* Debug */ = {
			isa = XCBuildConfiguration;
			baseConfigurationReference = C15D05230E00E983E5007E47 /* Pods-Messager.debug.xcconfig */;
			buildSettings = {
				ASSETCATALOG_COMPILER_APPICON_NAME = AppIcon;
				DEVELOPMENT_TEAM = YQ63ZZYZV7;
				INFOPLIST_FILE = "$(SRCROOT)/Messager/Resources/Plist/Info.plist";
				IPHONEOS_DEPLOYMENT_TARGET = 11.0;
				LD_RUNPATH_SEARCH_PATHS = "$(inherited) @executable_path/Frameworks";
				LIBRARY_SEARCH_PATHS = "$(inherited)";
				PRODUCT_BUNDLE_IDENTIFIER = com.nixsolutions.TestProject;
				PRODUCT_NAME = "$(TARGET_NAME)";
				SWIFT_OBJC_BRIDGING_HEADER = "Pods/Backendless/SDK/ios/backendless/include/Backendless-Bridging-Header.h";
				SWIFT_VERSION = 4.0;
			};
			name = Debug;
		};
		0F22E1BF1E8407D1004B722A /* Release */ = {
			isa = XCBuildConfiguration;
			baseConfigurationReference = E8558C1F8C442471ED26C1C8 /* Pods-Messager.release.xcconfig */;
			buildSettings = {
				ASSETCATALOG_COMPILER_APPICON_NAME = AppIcon;
				DEVELOPMENT_TEAM = YQ63ZZYZV7;
				INFOPLIST_FILE = "$(SRCROOT)/Messager/Resources/Plist/Info.plist";
				IPHONEOS_DEPLOYMENT_TARGET = 11.0;
				LD_RUNPATH_SEARCH_PATHS = "$(inherited) @executable_path/Frameworks";
				LIBRARY_SEARCH_PATHS = "$(inherited)";
				PRODUCT_BUNDLE_IDENTIFIER = com.nixsolutions.TestProject;
				PRODUCT_NAME = "$(TARGET_NAME)";
				SWIFT_OBJC_BRIDGING_HEADER = "Pods/Backendless/SDK/ios/backendless/include/Backendless-Bridging-Header.h";
				SWIFT_VERSION = 4.0;
			};
			name = Release;
		};
/* End XCBuildConfiguration section */

/* Begin XCConfigurationList section */
		0F22E1A61E8407D1004B722A /* Build configuration list for PBXProject "Messager" */ = {
			isa = XCConfigurationList;
			buildConfigurations = (
				0F22E1BB1E8407D1004B722A /* Debug */,
				0F22E1BC1E8407D1004B722A /* Release */,
			);
			defaultConfigurationIsVisible = 0;
			defaultConfigurationName = Release;
		};
		0F22E1BD1E8407D1004B722A /* Build configuration list for PBXNativeTarget "Messager" */ = {
			isa = XCConfigurationList;
			buildConfigurations = (
				0F22E1BE1E8407D1004B722A /* Debug */,
				0F22E1BF1E8407D1004B722A /* Release */,
			);
			defaultConfigurationIsVisible = 0;
			defaultConfigurationName = Release;
		};
/* End XCConfigurationList section */

/* Begin XCVersionGroup section */
		5B12F7A4218A11C60051DADC /* Messager.xcdatamodeld */ = {
			isa = XCVersionGroup;
			children = (
				5B12F7A5218A11C60051DADC /* Messager.xcdatamodel */,
			);
			currentVersion = 5B12F7A5218A11C60051DADC /* Messager.xcdatamodel */;
			path = Messager.xcdatamodeld;
			sourceTree = "<group>";
			versionGroupType = wrapper.xcdatamodel;
		};
/* End XCVersionGroup section */
	};
	rootObject = 0F22E1A31E8407D1004B722A /* Project object */;
}
